
Microsoft Visual Studio Solution File, Format Version 12.00
# Visual Studio Version 16
VisualStudioVersion = 16.0.31911.196
MinimumVisualStudioVersion = 10.0.40219.1
Project("{FAE04EC0-301F-11D3-BF4B-00C04F79EFBC}") = "FloydWarshall", "FloydWarshall\FloydWarshall.csproj", "{DF4114A1-2379-4B20-9F3C-E92CC4FDA6F0}"
EndProject
Global
	GlobalSection(SolutionConfigurationPlatforms) = preSolution
		Debug|Any CPU = Debug|Any CPU
		Release|Any CPU = Release|Any CPU
	EndGlobalSection
	GlobalSection(ProjectConfigurationPlatforms) = postSolution
		{DF4114A1-2379-4B20-9F3C-E92CC4FDA6F0}.Debug|Any CPU.ActiveCfg = Debug|Any CPU
		{DF4114A1-2379-4B20-9F3C-E92CC4FDA6F0}.Debug|Any CPU.Build.0 = Debug|Any CPU
		{DF4114A1-2379-4B20-9F3C-E92CC4FDA6F0}.Release|Any CPU.ActiveCfg = Release|Any CPU
		{DF4114A1-2379-4B20-9F3C-E92CC4FDA6F0}.Release|Any CPU.Build.0 = Release|Any CPU
	EndGlobalSection
	GlobalSection(SolutionProperties) = preSolution
		HideSolutionNode = FALSE
	EndGlobalSection
	GlobalSection(ExtensibilityGlobals) = postSolution
		SolutionGuid = {85DE8245-A9BF-4249-AE48-E47D80A7BCED}
	EndGlobalSection
EndGlobal
